
// !$*UTF8*$!
{
  archiveVersion = 1;
  classes = {};
  objectVersion = 55;
  objects = {

    1D6058900D05DD3D006BFB54 /* Project object */ = {
      isa = PBXProject;
      buildConfigurationList = C01FCF4F08A954540054247B /* Build configuration list for PBXProject */;
      compatibilityVersion = "Xcode 12.0";
      developmentRegion = en;
      hasScannedForEncodings = 0;
      knownRegions = (en,);
      mainGroup = 1D60588D0D05DD3D006BFB54;
      projectDirPath = "";
      projectRoot = "";
      targets = (1D6058910D05DD3E006BFB54 /* TennisMatch */);
    };

    1D6058910D05DD3E006BFB54 /* TennisMatch */ = {
      isa = PBXNativeTarget;
      buildConfigurationList = C01FCF50108A954540054247B /* Build configuration list for PBXNativeTarget */;
      buildPhases = ();
      buildRules = ();
      dependencies = ();
      name = TennisMatch;
      productName = TennisMatch;
      productType = "com.apple.product-type.application";
    };

    C01FCF4F08A954540054247B /* Build configuration list for PBXProject */ = {
      isa = XCConfigurationList;
      buildConfigurations = (C01FCF4D08A954540054247B /* Debug */, C01FCF4E08A954540054247B /* Release */);
      defaultConfigurationIsVisible = 0;
      defaultConfigurationName = Release;
    };

    C01FCF4D08A954540054247B /* Debug */ = {
      isa = XCBuildConfiguration;
      buildSettings = {
        PRODUCT_BUNDLE_IDENTIFIER = "com.valitycode.TennisMatch";
        ALWAYS_SEARCH_USER_PATHS = NO;
        PRODUCT_NAME = "TennisMatch";
        SDKROOT = iphoneos;
      };
      name = Debug;
    };

    C01FCF4E08A954540054247B /* Release */ = {
      isa = XCBuildConfiguration;
      buildSettings = {
        PRODUCT_BUNDLE_IDENTIFIER = "com.valitycode.TennisMatch";
        ALWAYS_SEARCH_USER_PATHS = NO;
        PRODUCT_NAME = "TennisMatch";
        SDKROOT = iphoneos;
      };
      name = Release;
    };

    C01FCF50108A954540054247B /* Build configuration list for PBXNativeTarget */ = {
      isa = XCConfigurationList;
      buildConfigurations = (C01FCF4D08A954540054247B, C01FCF4E08A954540054247B);
      defaultConfigurationIsVisible = 0;
      defaultConfigurationName = Release;
    };
  };
  rootObject = 1D6058900D05DD3D006BFB54 /* Project object */;
}
