// !$*UTF8*$!
{
  archiveVersion = 1;
  classes = {};
  objectVersion = 55;
  objects = {
    /* Begin PBXProject section */
    1D6058900D05DD3D006BFB54 /* Project object */ = {
      isa = PBXProject;
      attributes = {
        LastUpgradeCheck = 9999;
        ORGANIZATIONNAME = "OpenAI";
        TargetAttributes = {
          1D6058910D05DD3E006BFB54 = {
            CreatedOnToolsVersion = 14.0;
          };
        };
      };
      buildConfigurationList = 1D6058990D05DD3E006BFB54;
      compatibilityVersion = "Xcode 12.0";
      developmentRegion = en;
      hasScannedForEncodings = 0;
      knownRegions = (
        en,
      );
      mainGroup = 1D60588D0D05DD3D006BFB54;
      productRefGroup = 1D60588E0D05DD3D006BFB54;
      projectDirPath = "";
      projectRoot = "";
      targets = (
        1D6058910D05DD3E006BFB54,
      );
    };
    /* End PBXProject section */

    /* Begin PBXNativeTarget section */
    1D6058910D05DD3E006BFB54 /* TennisMatch */ = {
      isa = PBXNativeTarget;
      buildConfigurationList = 1D6058990D05DD3E006BFB54;
      buildPhases = ();
      buildRules = ();
      dependencies = ();
      name = TennisMatch;
      productName = TennisMatch;
      productType = "com.apple.product-type.application";
    };
    /* End PBXNativeTarget section */
  };
  rootObject = 1D6058900D05DD3D006BFB54 /* Project object */;
}
