
// !$*UTF8*$!
{
  archiveVersion = 1;
  classes = {};
  objectVersion = 52;
  objects = {
    1D6058900D05DD3D006BFB54 /* Project object */ = {
      isa = PBXProject;
      buildConfigurationList = 1D60589C0D05DD3E006BFB54 /* Build configuration list */;
      compatibilityVersion = "Xcode 3.2";
      developmentRegion = en;
      hasScannedForEncodings = 0;
      mainGroup = 1D60588D0D05DD3D006BFB54;
      projectDirPath = "";
      projectRoot = "";
      targets = (
        1D6058910D05DD3D006BFB54 /* TennisMatch */,
      );
    };
    1D60589C0D05DD3E006BFB54 /* Build configuration list */ = {
      isa = XCConfigurationList;
      buildConfigurations = (
        1D60589D0D05DD3E006BFB54 /* Debug */,
        1D60589E0D05DD3E006BFB54 /* Release */,
      );
      defaultConfigurationIsVisible = 0;
      defaultConfigurationName = Release;
    };
    1D60589D0D05DD3E006BFB54 /* Debug */ = {
      isa = XCBuildConfiguration;
      buildSettings = {
        PRODUCT_BUNDLE_IDENTIFIER = com.valitycode.TennisMatch;
      };
      name = Debug;
    };
    1D60589E0D05DD3E006BFB54 /* Release */ = {
      isa = XCBuildConfiguration;
      buildSettings = {
        PRODUCT_BUNDLE_IDENTIFIER = com.valitycode.TennisMatch;
      };
      name = Release;
    };
  };
  rootObject = 1D6058900D05DD3D006BFB54 /* Project object */;
}
